{
  "object": {
    "pins": [
      {
        "package": "RedCat",
        "repositoryURL": "https://github.com/AnarchoSystems/RedCat",
        "state": {
          "branch": "main",
          "revision": "7fb8c22fdd6534850b3889a6a8e025d840932bfc",
          "version": null
        }
      },
      {
        "package": "swift-case-paths",
        "repositoryURL": "https://github.com/pointfreeco/swift-case-paths",
        "state": {
          "branch": null,
          "revision": "a313f0cc10e07bb5ce7e2ff5da600cce7efa8e8a",
          "version": "0.2.0"
        }
      }
    ]
  },
  "version": 1
}
